
Microsoft Visual Studio Solution File, Format Version 12.00
# Visual Studio Version 17
VisualStudioVersion = 17.13.35931.197 d17.13
MinimumVisualStudioVersion = 10.0.40219.1
Project("{FAE04EC0-301F-11D3-BF4B-00C04F79EFBC}") = "AutoHouse", "AutoHouse\AutoHouse.csproj", "{A63C8963-C419-4761-966D-908D404442A3}"
EndProject
Global
	GlobalSection(SolutionConfigurationPlatforms) = preSolution
		Debug|Any CPU = Debug|Any CPU
		Release|Any CPU = Release|Any CPU
	EndGlobalSection
	GlobalSection(ProjectConfigurationPlatforms) = postSolution
		{A63C8963-C419-4761-966D-908D404442A3}.Debug|Any CPU.ActiveCfg = Debug|Any CPU
		{A63C8963-C419-4761-966D-908D404442A3}.Debug|Any CPU.Build.0 = Debug|Any CPU
		{A63C8963-C419-4761-966D-908D404442A3}.Release|Any CPU.ActiveCfg = Release|Any CPU
		{A63C8963-C419-4761-966D-908D404442A3}.Release|Any CPU.Build.0 = Release|Any CPU
	EndGlobalSection
	GlobalSection(SolutionProperties) = preSolution
		HideSolutionNode = FALSE
	EndGlobalSection
	GlobalSection(ExtensibilityGlobals) = postSolution
		SolutionGuid = {11F24C7E-7251-4ABC-A37B-46AE2078B55D}
	EndGlobalSection
EndGlobal
